// !$*UTF8*$!
{
	archiveVersion = 1;
	classes = {
	};
	objectVersion = 46;
	objects = {

/* Begin PBXBuildFile section */
		8C306D471C5A882B00874164 /* AppDelegate.swift in Sources */ = {isa = PBXBuildFile; fileRef = 8C306D461C5A882B00874164 /* AppDelegate.swift */; };
		8C306D491C5A882B00874164 /* ViewController.swift in Sources */ = {isa = PBXBuildFile; fileRef = 8C306D481C5A882B00874164 /* ViewController.swift */; };
		8C306D4C1C5A882B00874164 /* Main.storyboard in Resources */ = {isa = PBXBuildFile; fileRef = 8C306D4A1C5A882B00874164 /* Main.storyboard */; };
		8C306D4E1C5A882B00874164 /* Assets.xcassets in Resources */ = {isa = PBXBuildFile; fileRef = 8C306D4D1C5A882B00874164 /* Assets.xcassets */; };
		8C306D511C5A882B00874164 /* LaunchScreen.storyboard in Resources */ = {isa = PBXBuildFile; fileRef = 8C306D4F1C5A882B00874164 /* LaunchScreen.storyboard */; };
/* End PBXBuildFile section */

/* Begin PBXFileReference section */
		8C306D431C5A882B00874164 /* Control Fun2.app */ = {isa = PBXFileReference; explicitFileType = wrapper.application; includeInIndex = 0; path = "Control Fun2.app"; sourceTree = BUILT_PRODUCTS_DIR; };
		8C306D461C5A882B00874164 /* AppDelegate.swift */ = {isa = PBXFileReference; lastKnownFileType = sourcecode.swift; path = AppDelegate.swift; sourceTree = "<group>"; };
		8C306D481C5A882B00874164 /* ViewController.swift */ = {isa = PBXFileReference; lastKnownFileType = sourcecode.swift; path = ViewController.swift; sourceTree = "<group>"; };
		8C306D4B1C5A882B00874164 /* Base */ = {isa = PBXFileReference; lastKnownFileType = file.storyboard; name = Base; path = Base.lproj/Main.storyboard; sourceTree = "<group>"; };
		8C306D4D1C5A882B00874164 /* Assets.xcassets */ = {isa = PBXFileReference; lastKnownFileType = folder.assetcatalog; path = Assets.xcassets; sourceTree = "<group>"; };
		8C306D501C5A882B00874164 /* Base */ = {isa = PBXFileReference; lastKnownFileType = file.storyboard; name = Base; path = Base.lproj/LaunchScreen.storyboard; sourceTree = "<group>"; };
		8C306D521C5A882B00874164 /* Info.plist */ = {isa = PBXFileReference; lastKnownFileType = text.plist.xml; path = Info.plist; sourceTree = "<group>"; };
/* End PBXFileReference section */

/* Begin PBXFrameworksBuildPhase section */
		8C306D401C5A882B00874164 /* Frameworks */ = {
			isa = PBXFrameworksBuildPhase;
			buildActionMask = 2147483647;
			files = (
			);
			runOnlyForDeploymentPostprocessing = 0;
		};
/* End PBXFrameworksBuildPhase section */

/* Begin PBXGroup section */
		8C306D3A1C5A882B00874164 = {
			isa = PBXGroup;
			children = (
				8C306D451C5A882B00874164 /* Control Fun2 */,
				8C306D441C5A882B00874164 /* Products */,
			);
			sourceTree = "<group>";
		};
		8C306D441C5A882B00874164 /* Products */ = {
			isa = PBXGroup;
			children = (
				8C306D431C5A882B00874164 /* Control Fun2.app */,
			);
			name = Products;
			sourceTree = "<group>";
		};
		8C306D451C5A882B00874164 /* Control Fun2 */ = {
			isa = PBXGroup;
			children = (
				8C306D461C5A882B00874164 /* AppDelegate.swift */,
				8C306D481C5A882B00874164 /* ViewController.swift */,
				8C306D4A1C5A882B00874164 /* Main.storyboard */,
				8C306D4D1C5A882B00874164 /* Assets.xcassets */,
				8C306D4F1C5A882B00874164 /* LaunchScreen.storyboard */,
				8C306D521C5A882B00874164 /* Info.plist */,
			);
			path = "Control Fun2";
			sourceTree = "<group>";
		};
/* End PBXGroup section */

/* Begin PBXNativeTarget section */
		8C306D421C5A882B00874164 /* Control Fun2 */ = {
			isa = PBXNativeTarget;
			buildConfigurationList = 8C306D551C5A882B00874164 /* Build configuration list for PBXNativeTarget "Control Fun2" */;
			buildPhases = (
				8C306D3F1C5A882B00874164 /* Sources */,
				8C306D401C5A882B00874164 /* Frameworks */,
				8C306D411C5A882B00874164 /* Resources */,
			);
			buildRules = (
			);
			dependencies = (
			);
			name = "Control Fun2";
			productName = "Control Fun2";
			productReference = 8C306D431C5A882B00874164 /* Control Fun2.app */;
			productType = "com.apple.product-type.application";
		};
/* End PBXNativeTarget section */

/* Begin PBXProject section */
		8C306D3B1C5A882B00874164 /* Project object */ = {
			isa = PBXProject;
			attributes = {
				LastSwiftUpdateCheck = 0720;
				LastUpgradeCheck = 0720;
				ORGANIZATIONNAME = "Jason P Panas";
				TargetAttributes = {
					8C306D421C5A882B00874164 = {
						CreatedOnToolsVersion = 7.2;
					};
				};
			};
			buildConfigurationList = 8C306D3E1C5A882B00874164 /* Build configuration list for PBXProject "Control Fun2" */;
			compatibilityVersion = "Xcode 3.2";
			developmentRegion = English;
			hasScannedForEncodings = 0;
			knownRegions = (
				en,
				Base,
			);
			mainGroup = 8C306D3A1C5A882B00874164;
			productRefGroup = 8C306D441C5A882B00874164 /* Products */;
			projectDirPath = "";
			projectRoot = "";
			targets = (
				8C306D421C5A882B00874164 /* Control Fun2 */,
			);
		};
/* End PBXProject section */

/* Begin PBXResourcesBuildPhase section */
		8C306D411C5A882B00874164 /* Resources */ = {
			isa = PBXResourcesBuildPhase;
			buildActionMask = 2147483647;
			files = (
				8C306D511C5A882B00874164 /* LaunchScreen.storyboard in Resources */,
				8C306D4E1C5A882B00874164 /* Assets.xcassets in Resources */,
				8C306D4C1C5A882B00874164 /* Main.storyboard in Resources */,
			);
			runOnlyForDeploymentPostprocessing = 0;
		};
/* End PBXResourcesBuildPhase section */

/* Begin PBXSourcesBuildPhase section */
		8C306D3F1C5A882B00874164 /* Sources */ = {
			isa = PBXSourcesBuildPhase;
			buildActionMask = 2147483647;
			files = (
				8C306D491C5A882B00874164 /* ViewController.swift in Sources */,
				8C306D471C5A882B00874164 /* AppDelegate.swift in Sources */,
			);
			runOnlyForDeploymentPostprocessing = 0;
		};
/* End PBXSourcesBuildPhase section */

/* Begin PBXVariantGroup section */
		8C306D4A1C5A882B00874164 /* Main.storyboard */ = {
			isa = PBXVariantGroup;
			children = (
				8C306D4B1C5A882B00874164 /* Base */,
			);
			name = Main.storyboard;
			sourceTree = "<group>";
		};
		8C306D4F1C5A882B00874164 /* LaunchScreen.storyboard */ = {
			isa = PBXVariantGroup;
			children = (
				8C306D501C5A882B00874164 /* Base */,
			);
			name = LaunchScreen.storyboard;
			sourceTree = "<group>";
		};
/* End PBXVariantGroup section */

/* Begin XCBuildConfiguration section */
		8C306D531C5A882B00874164 /* Debug */ = {
			isa = XCBuildConfiguration;
			buildSettings = {
				ALWAYS_SEARCH_USER_PATHS = NO;
				CLANG_CXX_LANGUAGE_STANDARD = "gnu++0x";
				CLANG_CXX_LIBRARY = "libc++";
				CLANG_ENABLE_MODULES = YES;
				CLANG_ENABLE_OBJC_ARC = YES;
				CLANG_WARN_BOOL_CONVERSION = YES;
				CLANG_WARN_CONSTANT_CONVERSION = YES;
				CLANG_WARN_DIRECT_OBJC_ISA_USAGE = YES_ERROR;
				CLANG_WARN_EMPTY_BODY = YES;
				CLANG_WARN_ENUM_CONVERSION = YES;
				CLANG_WARN_INT_CONVERSION = YES;
				CLANG_WARN_OBJC_ROOT_CLASS = YES_ERROR;
				CLANG_WARN_UNREACHABLE_CODE = YES;
				CLANG_WARN__DUPLICATE_METHOD_MATCH = YES;
				"CODE_SIGN_IDENTITY[sdk=iphoneos*]" = "iPhone Developer";
				COPY_PHASE_STRIP = NO;
				DEBUG_INFORMATION_FORMAT = dwarf;
				ENABLE_STRICT_OBJC_MSGSEND = YES;
				ENABLE_TESTABILITY = YES;
				GCC_C_LANGUAGE_STANDARD = gnu99;
				GCC_DYNAMIC_NO_PIC = NO;
				GCC_NO_COMMON_BLOCKS = YES;
				GCC_OPTIMIZATION_LEVEL = 0;
				GCC_PREPROCESSOR_DEFINITIONS = (
					"DEBUG=1",
					"$(inherited)",
				);
				GCC_WARN_64_TO_32_BIT_CONVERSION = YES;
				GCC_WARN_ABOUT_RETURN_TYPE = YES_ERROR;
				GCC_WARN_UNDECLARED_SELECTOR = YES;
				GCC_WARN_UNINITIALIZED_AUTOS = YES_AGGRESSIVE;
				GCC_WARN_UNUSED_FUNCTION = YES;
				GCC_WARN_UNUSED_VARIABLE = YES;
				IPHONEOS_DEPLOYMENT_TARGET = 9.2;
				MTL_ENABLE_DEBUG_INFO = YES;
				ONLY_ACTIVE_ARCH = YES;
				SDKROOT = iphoneos;
				SWIFT_OPTIMIZATION_LEVEL = "-Onone";
				TARGETED_DEVICE_FAMILY = "1,2";
			};
			name = Debug;
		};
		8C306D541C5A882B00874164 /* Release */ = {
			isa = XCBuildConfiguration;
			buildSettings = {
				ALWAYS_SEARCH_USER_PATHS = NO;
				CLANG_CXX_LANGUAGE_STANDARD = "gnu++0x";
				CLANG_CXX_LIBRARY = "libc++";
				CLANG_ENABLE_MODULES = YES;
				CLANG_ENABLE_OBJC_ARC = YES;
				CLANG_WARN_BOOL_CONVERSION = YES;
				CLANG_WARN_CONSTANT_CONVERSION = YES;
				CLANG_WARN_DIRECT_OBJC_ISA_USAGE = YES_ERROR;
				CLANG_WARN_EMPTY_BODY = YES;
				CLANG_WARN_ENUM_CONVERSION = YES;
				CLANG_WARN_INT_CONVERSION = YES;
				CLANG_WARN_OBJC_ROOT_CLASS = YES_ERROR;
				CLANG_WARN_UNREACHABLE_CODE = YES;
				CLANG_WARN__DUPLICATE_METHOD_MATCH = YES;
				"CODE_SIGN_IDENTITY[sdk=iphoneos*]" = "iPhone Developer";
				COPY_PHASE_STRIP = NO;
				DEBUG_INFORMATION_FORMAT = "dwarf-with-dsym";
				ENABLE_NS_ASSERTIONS = NO;
				ENABLE_STRICT_OBJC_MSGSEND = YES;
				GCC_C_LANGUAGE_STANDARD = gnu99;
				GCC_NO_COMMON_BLOCKS = YES;
				GCC_WARN_64_TO_32_BIT_CONVERSION = YES;
				GCC_WARN_ABOUT_RETURN_TYPE = YES_ERROR;
				GCC_WARN_UNDECLARED_SELECTOR = YES;
				GCC_WARN_UNINITIALIZED_AUTOS = YES_AGGRESSIVE;
				GCC_WARN_UNUSED_FUNCTION = YES;
				GCC_WARN_UNUSED_VARIABLE = YES;
				IPHONEOS_DEPLOYMENT_TARGET = 9.2;
				MTL_ENABLE_DEBUG_INFO = NO;
				SDKROOT = iphoneos;
				TARGETED_DEVICE_FAMILY = "1,2";
				VALIDATE_PRODUCT = YES;
			};
			name = Release;
		};
		8C306D561C5A882B00874164 /* Debug */ = {
			isa = XCBuildConfiguration;
			buildSettings = {
				ASSETCATALOG_COMPILER_APPICON_NAME = AppIcon;
				INFOPLIST_FILE = "Control Fun2/Info.plist";
				LD_RUNPATH_SEARCH_PATHS = "$(inherited) @executable_path/Frameworks";
				PRODUCT_BUNDLE_IDENTIFIER = "nait.dmit.jpanas1.Control-Fun2";
				PRODUCT_NAME = "$(TARGET_NAME)";
			};
			name = Debug;
		};
		8C306D571C5A882B00874164 /* Release */ = {
			isa = XCBuildConfiguration;
			buildSettings = {
				ASSETCATALOG_COMPILER_APPICON_NAME = AppIcon;
				INFOPLIST_FILE = "Control Fun2/Info.plist";
				LD_RUNPATH_SEARCH_PATHS = "$(inherited) @executable_path/Frameworks";
				PRODUCT_BUNDLE_IDENTIFIER = "nait.dmit.jpanas1.Control-Fun2";
				PRODUCT_NAME = "$(TARGET_NAME)";
			};
			name = Release;
		};
/* End XCBuildConfiguration section */

/* Begin XCConfigurationList section */
		8C306D3E1C5A882B00874164 /* Build configuration list for PBXProject "Control Fun2" */ = {
			isa = XCConfigurationList;
			buildConfigurations = (
				8C306D531C5A882B00874164 /* Debug */,
				8C306D541C5A882B00874164 /* Release */,
			);
			defaultConfigurationIsVisible = 0;
			defaultConfigurationName = Release;
		};
		8C306D551C5A882B00874164 /* Build configuration list for PBXNativeTarget "Control Fun2" */ = {
			isa = XCConfigurationList;
			buildConfigurations = (
				8C306D561C5A882B00874164 /* Debug */,
				8C306D571C5A882B00874164 /* Release */,
			);
			defaultConfigurationIsVisible = 0;
		};
/* End XCConfigurationList section */
	};
	rootObject = 8C306D3B1C5A882B00874164 /* Project object */;
}
